
Microsoft Visual Studio Solution File, Format Version 12.00
# Visual Studio Version 16
VisualStudioVersion = 16.0.30225.117
MinimumVisualStudioVersion = 10.0.40219.1
Project("{FAE04EC0-301F-11D3-BF4B-00C04F79EFBC}") = "KCTRL5", "KCTRL5\KCTRL5.csproj", "{580C8918-CCB6-4169-AF45-C9CC7853597D}"
EndProject
Global
	GlobalSection(SolutionConfigurationPlatforms) = preSolution
		Debug|Any CPU = Debug|Any CPU
		Release|Any CPU = Release|Any CPU
	EndGlobalSection
	GlobalSection(ProjectConfigurationPlatforms) = postSolution
		{580C8918-CCB6-4169-AF45-C9CC7853597D}.Debug|Any CPU.ActiveCfg = Debug|Any CPU
		{580C8918-CCB6-4169-AF45-C9CC7853597D}.Debug|Any CPU.Build.0 = Debug|Any CPU
		{580C8918-CCB6-4169-AF45-C9CC7853597D}.Release|Any CPU.ActiveCfg = Release|Any CPU
		{580C8918-CCB6-4169-AF45-C9CC7853597D}.Release|Any CPU.Build.0 = Release|Any CPU
	EndGlobalSection
	GlobalSection(SolutionProperties) = preSolution
		HideSolutionNode = FALSE
	EndGlobalSection
	GlobalSection(ExtensibilityGlobals) = postSolution
		SolutionGuid = {2A5F4108-BFCB-4BFF-86E8-D2EE2A2A052C}
	EndGlobalSection
EndGlobal
